
Microsoft Visual Studio Solution File, Format Version 12.00
# Visual Studio Version 16
VisualStudioVersion = 16.0.30523.141
MinimumVisualStudioVersion = 10.0.40219.1
Project("{F184B08F-C81C-45F6-A57F-5ABD9991F28F}") = "BetterCalculator", "BetterCalculator\BetterCalculator.vbproj", "{ECC47DB9-98A7-4DB8-8C21-49AEF0E1E0D9}"
EndProject
Global
	GlobalSection(SolutionConfigurationPlatforms) = preSolution
		Debug|Any CPU = Debug|Any CPU
		Release|Any CPU = Release|Any CPU
	EndGlobalSection
	GlobalSection(ProjectConfigurationPlatforms) = postSolution
		{ECC47DB9-98A7-4DB8-8C21-49AEF0E1E0D9}.Debug|Any CPU.ActiveCfg = Debug|Any CPU
		{ECC47DB9-98A7-4DB8-8C21-49AEF0E1E0D9}.Debug|Any CPU.Build.0 = Debug|Any CPU
		{ECC47DB9-98A7-4DB8-8C21-49AEF0E1E0D9}.Release|Any CPU.ActiveCfg = Release|Any CPU
		{ECC47DB9-98A7-4DB8-8C21-49AEF0E1E0D9}.Release|Any CPU.Build.0 = Release|Any CPU
	EndGlobalSection
	GlobalSection(SolutionProperties) = preSolution
		HideSolutionNode = FALSE
	EndGlobalSection
	GlobalSection(ExtensibilityGlobals) = postSolution
		SolutionGuid = {D9F24666-0D82-4716-AB00-6BF9A6F3176E}
	EndGlobalSection
EndGlobal
